
Microsoft Visual Studio Solution File, Format Version 12.00
# Visual Studio Version 16
VisualStudioVersion = 16.0.29503.13
MinimumVisualStudioVersion = 10.0.40219.1
Project("{FAE04EC0-301F-11D3-BF4B-00C04F79EFBC}") = "ExceltoXmlConverter", "ExceltoXmlConverter\ExceltoXmlConverter.csproj", "{50E2AF43-9054-4361-9039-DB7D95733D0C}"
EndProject
Global
	GlobalSection(SolutionConfigurationPlatforms) = preSolution
		Debug|Any CPU = Debug|Any CPU
		Release|Any CPU = Release|Any CPU
	EndGlobalSection
	GlobalSection(ProjectConfigurationPlatforms) = postSolution
		{50E2AF43-9054-4361-9039-DB7D95733D0C}.Debug|Any CPU.ActiveCfg = Debug|Any CPU
		{50E2AF43-9054-4361-9039-DB7D95733D0C}.Debug|Any CPU.Build.0 = Debug|Any CPU
		{50E2AF43-9054-4361-9039-DB7D95733D0C}.Release|Any CPU.ActiveCfg = Release|Any CPU
		{50E2AF43-9054-4361-9039-DB7D95733D0C}.Release|Any CPU.Build.0 = Release|Any CPU
	EndGlobalSection
	GlobalSection(SolutionProperties) = preSolution
		HideSolutionNode = FALSE
	EndGlobalSection
	GlobalSection(ExtensibilityGlobals) = postSolution
		SolutionGuid = {F5397D49-100E-4479-BCF0-61B6787FF882}
	EndGlobalSection
EndGlobal
